
Microsoft Visual Studio Solution File, Format Version 12.00
# Visual Studio Version 17
VisualStudioVersion = 17.6.33723.286
MinimumVisualStudioVersion = 10.0.40219.1
Project("{FAE04EC0-301F-11D3-BF4B-00C04F79EFBC}") = "ExcelGeneratorDataSource", "ExcelGeneratorDataSource\ExcelGeneratorDataSource.csproj", "{DF566DE9-4729-44C0-B5FC-C1B73DE1087A}"
EndProject
Global
	GlobalSection(SolutionConfigurationPlatforms) = preSolution
		Debug|Any CPU = Debug|Any CPU
		Release|Any CPU = Release|Any CPU
	EndGlobalSection
	GlobalSection(ProjectConfigurationPlatforms) = postSolution
		{DF566DE9-4729-44C0-B5FC-C1B73DE1087A}.Debug|Any CPU.ActiveCfg = Debug|Any CPU
		{DF566DE9-4729-44C0-B5FC-C1B73DE1087A}.Debug|Any CPU.Build.0 = Debug|Any CPU
		{DF566DE9-4729-44C0-B5FC-C1B73DE1087A}.Release|Any CPU.ActiveCfg = Release|Any CPU
		{DF566DE9-4729-44C0-B5FC-C1B73DE1087A}.Release|Any CPU.Build.0 = Release|Any CPU
	EndGlobalSection
	GlobalSection(SolutionProperties) = preSolution
		HideSolutionNode = FALSE
	EndGlobalSection
	GlobalSection(ExtensibilityGlobals) = postSolution
		SolutionGuid = {82EF5AD4-4848-4E88-9BAE-A8BE58A430A9}
	EndGlobalSection
EndGlobal
